
Microsoft Visual Studio Solution File, Format Version 12.00
# Visual Studio Version 17
VisualStudioVersion = 17.3.32825.248
MinimumVisualStudioVersion = 10.0.40219.1
Project("{FAE04EC0-301F-11D3-BF4B-00C04F79EFBC}") = "PerformanceMonitor", "PerformanceMonitor\PerformanceMonitor.csproj", "{913F1945-C1D0-49D6-AEE2-8E257AC9641C}"
EndProject
Global
	GlobalSection(SolutionConfigurationPlatforms) = preSolution
		Debug|Any CPU = Debug|Any CPU
		Release|Any CPU = Release|Any CPU
	EndGlobalSection
	GlobalSection(ProjectConfigurationPlatforms) = postSolution
		{913F1945-C1D0-49D6-AEE2-8E257AC9641C}.Debug|Any CPU.ActiveCfg = Debug|Any CPU
		{913F1945-C1D0-49D6-AEE2-8E257AC9641C}.Debug|Any CPU.Build.0 = Debug|Any CPU
		{913F1945-C1D0-49D6-AEE2-8E257AC9641C}.Release|Any CPU.ActiveCfg = Release|Any CPU
		{913F1945-C1D0-49D6-AEE2-8E257AC9641C}.Release|Any CPU.Build.0 = Release|Any CPU
	EndGlobalSection
	GlobalSection(SolutionProperties) = preSolution
		HideSolutionNode = FALSE
	EndGlobalSection
	GlobalSection(ExtensibilityGlobals) = postSolution
		SolutionGuid = {1D261B0D-011C-471F-A9A0-11E4A0B59474}
	EndGlobalSection
EndGlobal
